
Microsoft Visual Studio Solution File, Format Version 12.00
# Visual Studio 14
VisualStudioVersion = 14.0.25420.1
MinimumVisualStudioVersion = 10.0.40219.1
Project("{E24C65DC-7377-472B-9ABA-BC803B73C61A}") = "Brite - all four screens", "..\", "{311110DE-9CE1-4D63-8242-80B09D106166}"
	ProjectSection(WebsiteProperties) = preProject
		TargetFrameworkMoniker = ".NETFramework,Version%3Dv4.5.2"
		Debug.AspNetCompiler.VirtualPath = "/localhost_62952"
		Debug.AspNetCompiler.PhysicalPath = "..\..\..\..\DMU\Year 2\Project Managment and Development\Second Deliverable\Brite - all four screens\"
		Debug.AspNetCompiler.TargetPath = "PrecompiledWeb\localhost_62952\"
		Debug.AspNetCompiler.Updateable = "true"
		Debug.AspNetCompiler.ForceOverwrite = "true"
		Debug.AspNetCompiler.FixedNames = "false"
		Debug.AspNetCompiler.Debug = "True"
		Release.AspNetCompiler.VirtualPath = "/localhost_62952"
		Release.AspNetCompiler.PhysicalPath = "..\..\..\..\DMU\Year 2\Project Managment and Development\Second Deliverable\Brite - all four screens\"
		Release.AspNetCompiler.TargetPath = "PrecompiledWeb\localhost_62952\"
		Release.AspNetCompiler.Updateable = "true"
		Release.AspNetCompiler.ForceOverwrite = "true"
		Release.AspNetCompiler.FixedNames = "false"
		Release.AspNetCompiler.Debug = "False"
		VWDPort = "62952"
	EndProjectSection
EndProject
Global
	GlobalSection(SolutionConfigurationPlatforms) = preSolution
		Debug|Any CPU = Debug|Any CPU
	EndGlobalSection
	GlobalSection(ProjectConfigurationPlatforms) = postSolution
		{311110DE-9CE1-4D63-8242-80B09D106166}.Debug|Any CPU.ActiveCfg = Debug|Any CPU
		{311110DE-9CE1-4D63-8242-80B09D106166}.Debug|Any CPU.Build.0 = Debug|Any CPU
	EndGlobalSection
	GlobalSection(SolutionProperties) = preSolution
		HideSolutionNode = FALSE
	EndGlobalSection
EndGlobal
